
Microsoft Visual Studio Solution File, Format Version 12.00
# Visual Studio Version 17
VisualStudioVersion = 17.8.34330.188
MinimumVisualStudioVersion = 10.0.40219.1
Project("{FAE04EC0-301F-11D3-BF4B-00C04F79EFBC}") = "ReactwithDotnetCore", "ReactwithDotnetCore\ReactwithDotnetCore.csproj", "{B9981DF4-977D-405F-8BFD-EBDE1B897E02}"
EndProject
Global
	GlobalSection(SolutionConfigurationPlatforms) = preSolution
		Debug|Any CPU = Debug|Any CPU
		Release|Any CPU = Release|Any CPU
	EndGlobalSection
	GlobalSection(ProjectConfigurationPlatforms) = postSolution
		{B9981DF4-977D-405F-8BFD-EBDE1B897E02}.Debug|Any CPU.ActiveCfg = Debug|Any CPU
		{B9981DF4-977D-405F-8BFD-EBDE1B897E02}.Debug|Any CPU.Build.0 = Debug|Any CPU
		{B9981DF4-977D-405F-8BFD-EBDE1B897E02}.Release|Any CPU.ActiveCfg = Release|Any CPU
		{B9981DF4-977D-405F-8BFD-EBDE1B897E02}.Release|Any CPU.Build.0 = Release|Any CPU
	EndGlobalSection
	GlobalSection(SolutionProperties) = preSolution
		HideSolutionNode = FALSE
	EndGlobalSection
	GlobalSection(ExtensibilityGlobals) = postSolution
		SolutionGuid = {DEA053E0-5736-456C-AD24-CE51924F3846}
	EndGlobalSection
EndGlobal
